
Microsoft Visual Studio Solution File, Format Version 12.00
# Visual Studio 15
VisualStudioVersion = 15.0.27130.2036
MinimumVisualStudioVersion = 10.0.40219.1
Project("{FAE04EC0-301F-11D3-BF4B-00C04F79EFBC}") = "Publish.Subscribe.Exemplo", "Publish.Subscribe.Exemplo\Publish.Subscribe.Exemplo.csproj", "{53CA4DF7-1FBB-4D6E-80FB-118472ABAAD8}"
EndProject
Global
	GlobalSection(SolutionConfigurationPlatforms) = preSolution
		Debug|Any CPU = Debug|Any CPU
		Release|Any CPU = Release|Any CPU
	EndGlobalSection
	GlobalSection(ProjectConfigurationPlatforms) = postSolution
		{53CA4DF7-1FBB-4D6E-80FB-118472ABAAD8}.Debug|Any CPU.ActiveCfg = Debug|Any CPU
		{53CA4DF7-1FBB-4D6E-80FB-118472ABAAD8}.Debug|Any CPU.Build.0 = Debug|Any CPU
		{53CA4DF7-1FBB-4D6E-80FB-118472ABAAD8}.Release|Any CPU.ActiveCfg = Release|Any CPU
		{53CA4DF7-1FBB-4D6E-80FB-118472ABAAD8}.Release|Any CPU.Build.0 = Release|Any CPU
	EndGlobalSection
	GlobalSection(SolutionProperties) = preSolution
		HideSolutionNode = FALSE
	EndGlobalSection
	GlobalSection(ExtensibilityGlobals) = postSolution
		SolutionGuid = {ADEEEB65-B141-49AC-9AE3-D5E9683EFBB7}
	EndGlobalSection
EndGlobal
